
Microsoft Visual Studio Solution File, Format Version 12.00
# Visual Studio Version 16
VisualStudioVersion = 16.0.31229.75
MinimumVisualStudioVersion = 10.0.40219.1
Project("{9A19103F-16F7-4668-BE54-9A1E7A4F7556}") = "AI4Bharat.ISLBot.Services", "src\AI4Bharat.ISLBot.Services\AI4Bharat.ISLBot.Services.csproj", "{EFADEE3C-57AA-487D-8821-DF1D3E5A6582}"
EndProject
Project("{9A19103F-16F7-4668-BE54-9A1E7A4F7556}") = "AI4Bharat.ISLBot.Model", "src\AI4Bharat.ISLBot.Model\AI4Bharat.ISLBot.Model.csproj", "{44F74D50-42FE-46F9-9398-91BA34901594}"
EndProject
Project("{2150E333-8FDC-42A3-9474-1A3956D46DE8}") = "Solution Items", "Solution Items", "{556B66EC-B73A-469F-8B76-EB7C7E2D83A3}"
	ProjectSection(SolutionItems) = preProject
		.editorconfig = .editorconfig
	EndProjectSection
EndProject
Project("{2150E333-8FDC-42A3-9474-1A3956D46DE8}") = "src", "src", "{4165241A-93D4-4CE5-BE9E-0E5FCF57851A}"
EndProject
Project("{2150E333-8FDC-42A3-9474-1A3956D46DE8}") = "docs", "docs", "{BDDB7CB7-3E35-4383-9C98-BD3EA87786D6}"
	ProjectSection(SolutionItems) = preProject
		docs\debug.md = docs\debug.md
	EndProjectSection
EndProject
Global
	GlobalSection(SolutionConfigurationPlatforms) = preSolution
		Debug|Any CPU = Debug|Any CPU
		Release|Any CPU = Release|Any CPU
	EndGlobalSection
	GlobalSection(ProjectConfigurationPlatforms) = postSolution
		{EFADEE3C-57AA-487D-8821-DF1D3E5A6582}.Debug|Any CPU.ActiveCfg = Debug|Any CPU
		{EFADEE3C-57AA-487D-8821-DF1D3E5A6582}.Debug|Any CPU.Build.0 = Debug|Any CPU
		{EFADEE3C-57AA-487D-8821-DF1D3E5A6582}.Release|Any CPU.ActiveCfg = Release|Any CPU
		{EFADEE3C-57AA-487D-8821-DF1D3E5A6582}.Release|Any CPU.Build.0 = Release|Any CPU
		{44F74D50-42FE-46F9-9398-91BA34901594}.Debug|Any CPU.ActiveCfg = Debug|Any CPU
		{44F74D50-42FE-46F9-9398-91BA34901594}.Debug|Any CPU.Build.0 = Debug|Any CPU
		{44F74D50-42FE-46F9-9398-91BA34901594}.Release|Any CPU.ActiveCfg = Release|Any CPU
		{44F74D50-42FE-46F9-9398-91BA34901594}.Release|Any CPU.Build.0 = Release|Any CPU
	EndGlobalSection
	GlobalSection(SolutionProperties) = preSolution
		HideSolutionNode = FALSE
	EndGlobalSection
	GlobalSection(NestedProjects) = preSolution
		{EFADEE3C-57AA-487D-8821-DF1D3E5A6582} = {4165241A-93D4-4CE5-BE9E-0E5FCF57851A}
		{44F74D50-42FE-46F9-9398-91BA34901594} = {4165241A-93D4-4CE5-BE9E-0E5FCF57851A}
	EndGlobalSection
	GlobalSection(ExtensibilityGlobals) = postSolution
		SolutionGuid = {AB37B477-7844-48A9-AB46-51703D94BFDC}
	EndGlobalSection
EndGlobal
